
Microsoft Visual Studio Solution File, Format Version 12.00
# Visual Studio Version 17
VisualStudioVersion = 17.7.34031.279
MinimumVisualStudioVersion = 10.0.40219.1
Project("{FAE04EC0-301F-11D3-BF4B-00C04F79EFBC}") = "lab1c", "lab1c\lab1c.csproj", "{7B4EB03E-271A-45B3-BBD0-B807EA17BA5A}"
EndProject
Global
	GlobalSection(SolutionConfigurationPlatforms) = preSolution
		Debug|Any CPU = Debug|Any CPU
		Release|Any CPU = Release|Any CPU
	EndGlobalSection
	GlobalSection(ProjectConfigurationPlatforms) = postSolution
		{7B4EB03E-271A-45B3-BBD0-B807EA17BA5A}.Debug|Any CPU.ActiveCfg = Debug|Any CPU
		{7B4EB03E-271A-45B3-BBD0-B807EA17BA5A}.Debug|Any CPU.Build.0 = Debug|Any CPU
		{7B4EB03E-271A-45B3-BBD0-B807EA17BA5A}.Release|Any CPU.ActiveCfg = Release|Any CPU
		{7B4EB03E-271A-45B3-BBD0-B807EA17BA5A}.Release|Any CPU.Build.0 = Release|Any CPU
	EndGlobalSection
	GlobalSection(SolutionProperties) = preSolution
		HideSolutionNode = FALSE
	EndGlobalSection
	GlobalSection(ExtensibilityGlobals) = postSolution
		SolutionGuid = {50E9C889-0E94-4807-BD3D-613F9B62C5C1}
	EndGlobalSection
EndGlobal
