
Microsoft Visual Studio Solution File, Format Version 12.00
# Visual Studio Version 17
VisualStudioVersion = 17.7.34031.279
MinimumVisualStudioVersion = 10.0.40219.1
Project("{FAE04EC0-301F-11D3-BF4B-00C04F79EFBC}") = "lab1b_2", "lab1b_2\lab1b_2.csproj", "{0E2731BC-2D57-41A1-9E49-36D1853C49B3}"
EndProject
Global
	GlobalSection(SolutionConfigurationPlatforms) = preSolution
		Debug|Any CPU = Debug|Any CPU
		Release|Any CPU = Release|Any CPU
	EndGlobalSection
	GlobalSection(ProjectConfigurationPlatforms) = postSolution
		{0E2731BC-2D57-41A1-9E49-36D1853C49B3}.Debug|Any CPU.ActiveCfg = Debug|Any CPU
		{0E2731BC-2D57-41A1-9E49-36D1853C49B3}.Debug|Any CPU.Build.0 = Debug|Any CPU
		{0E2731BC-2D57-41A1-9E49-36D1853C49B3}.Release|Any CPU.ActiveCfg = Release|Any CPU
		{0E2731BC-2D57-41A1-9E49-36D1853C49B3}.Release|Any CPU.Build.0 = Release|Any CPU
	EndGlobalSection
	GlobalSection(SolutionProperties) = preSolution
		HideSolutionNode = FALSE
	EndGlobalSection
	GlobalSection(ExtensibilityGlobals) = postSolution
		SolutionGuid = {45B863C4-FAB0-47C1-963A-6371C5ED81F2}
	EndGlobalSection
EndGlobal
